// !$*UTF8*$!
{
	archiveVersion = 1;
	classes = {
	};
	objectVersion = 55;
	objects = {

/* Begin PBXBuildFile section */
		30EC3275F6E275679A2B223F /* Pods_OFUTU.framework in Frameworks */ = {isa = PBXBuildFile; fileRef = D7D72E99E21009CE0965EFC8 /* Pods_OFUTU.framework */; };
		F00A9C9D2983F01D005EA650 /* AppDelegate.swift in Sources */ = {isa = PBXBuildFile; fileRef = F00A9C9C2983F01D005EA650 /* AppDelegate.swift */; };
		F00A9C9F2983F01D005EA650 /* SceneDelegate.swift in Sources */ = {isa = PBXBuildFile; fileRef = F00A9C9E2983F01D005EA650 /* SceneDelegate.swift */; };
		F00A9CA12983F01D005EA650 /* MainVC.swift in Sources */ = {isa = PBXBuildFile; fileRef = F00A9CA02983F01D005EA650 /* MainVC.swift */; };
		F00A9CA42983F01D005EA650 /* Main.storyboard in Resources */ = {isa = PBXBuildFile; fileRef = F00A9CA22983F01D005EA650 /* Main.storyboard */; };
		F00A9CA62983F01E005EA650 /* Assets.xcassets in Resources */ = {isa = PBXBuildFile; fileRef = F00A9CA52983F01E005EA650 /* Assets.xcassets */; };
		F00A9CA92983F01E005EA650 /* LaunchScreen.storyboard in Resources */ = {isa = PBXBuildFile; fileRef = F00A9CA72983F01E005EA650 /* LaunchScreen.storyboard */; };
		F0389F872984DC3300072E2C /* LoginVC.swift in Sources */ = {isa = PBXBuildFile; fileRef = F0389F862984DC3300072E2C /* LoginVC.swift */; };
		F0389F8B2984E81300072E2C /* OFUTU1.mp4 in Resources */ = {isa = PBXBuildFile; fileRef = F0389F8A2984E81300072E2C /* OFUTU1.mp4 */; };
		F0576A71298460E6005133C9 /* SecondIntroVM.swift in Sources */ = {isa = PBXBuildFile; fileRef = F0576A70298460E6005133C9 /* SecondIntroVM.swift */; };
		F0576A7329846187005133C9 /* SecondIntroVC.swift in Sources */ = {isa = PBXBuildFile; fileRef = F0576A7229846187005133C9 /* SecondIntroVC.swift */; };
		F0576A75298462DC005133C9 /* ThirdIntroVC.swift in Sources */ = {isa = PBXBuildFile; fileRef = F0576A74298462DC005133C9 /* ThirdIntroVC.swift */; };
		F0576A77298462F8005133C9 /* ThirdIntroVM.swift in Sources */ = {isa = PBXBuildFile; fileRef = F0576A76298462F8005133C9 /* ThirdIntroVM.swift */; };
		F0576A792984675D005133C9 /* WebVC.swift in Sources */ = {isa = PBXBuildFile; fileRef = F0576A782984675D005133C9 /* WebVC.swift */; };
		F0E663CB298421AA001F564D /* Pretendard-Black.otf in Resources */ = {isa = PBXBuildFile; fileRef = F0E663C2298421A9001F564D /* Pretendard-Black.otf */; };
		F0E663CC298421AA001F564D /* Pretendard-Light.otf in Resources */ = {isa = PBXBuildFile; fileRef = F0E663C3298421A9001F564D /* Pretendard-Light.otf */; };
		F0E663CD298421AA001F564D /* Pretendard-Medium.otf in Resources */ = {isa = PBXBuildFile; fileRef = F0E663C4298421A9001F564D /* Pretendard-Medium.otf */; };
		F0E663CE298421AA001F564D /* Pretendard-Bold.otf in Resources */ = {isa = PBXBuildFile; fileRef = F0E663C5298421A9001F564D /* Pretendard-Bold.otf */; };
		F0E663CF298421AA001F564D /* Pretendard-Regular.otf in Resources */ = {isa = PBXBuildFile; fileRef = F0E663C6298421A9001F564D /* Pretendard-Regular.otf */; };
		F0E663D0298421AA001F564D /* Pretendard-SemiBold.otf in Resources */ = {isa = PBXBuildFile; fileRef = F0E663C7298421A9001F564D /* Pretendard-SemiBold.otf */; };
		F0E663D1298421AA001F564D /* Pretendard-ExtraBold.otf in Resources */ = {isa = PBXBuildFile; fileRef = F0E663C8298421A9001F564D /* Pretendard-ExtraBold.otf */; };
		F0E663D2298421AA001F564D /* Pretendard-Thin.otf in Resources */ = {isa = PBXBuildFile; fileRef = F0E663C9298421A9001F564D /* Pretendard-Thin.otf */; };
		F0E663D3298421AA001F564D /* Pretendard-ExtraLight.otf in Resources */ = {isa = PBXBuildFile; fileRef = F0E663CA298421A9001F564D /* Pretendard-ExtraLight.otf */; };
		F0E663D5298424D3001F564D /* ColorManager.swift in Sources */ = {isa = PBXBuildFile; fileRef = F0E663D4298424D3001F564D /* ColorManager.swift */; };
		F0E663D929842940001F564D /* ImageManager.swift in Sources */ = {isa = PBXBuildFile; fileRef = F0E663D829842940001F564D /* ImageManager.swift */; };
		F0E663DB29843291001F564D /* CategoryVC.swift in Sources */ = {isa = PBXBuildFile; fileRef = F0E663DA29843291001F564D /* CategoryVC.swift */; };
		F0E663DD298433B9001F564D /* LocalVC.swift in Sources */ = {isa = PBXBuildFile; fileRef = F0E663DC298433B9001F564D /* LocalVC.swift */; };
		F0E663DF29843493001F564D /* MyPageVC.swift in Sources */ = {isa = PBXBuildFile; fileRef = F0E663DE29843493001F564D /* MyPageVC.swift */; };
		F0E663E129843867001F564D /* FontManager.swift in Sources */ = {isa = PBXBuildFile; fileRef = F0E663E029843867001F564D /* FontManager.swift */; };
		F0E663E32984391E001F564D /* WebViewManager.swift in Sources */ = {isa = PBXBuildFile; fileRef = F0E663E22984391E001F564D /* WebViewManager.swift */; };
		F0E663E529843B0B001F564D /* NetworkManager.swift in Sources */ = {isa = PBXBuildFile; fileRef = F0E663E429843B0B001F564D /* NetworkManager.swift */; };
		F0E663E729843B4A001F564D /* User.swift in Sources */ = {isa = PBXBuildFile; fileRef = F0E663E629843B4A001F564D /* User.swift */; };
		F0E663E929843C98001F564D /* MainCategory.swift in Sources */ = {isa = PBXBuildFile; fileRef = F0E663E829843C98001F564D /* MainCategory.swift */; };
		F0E663EB29843D19001F564D /* SubCategory.swift in Sources */ = {isa = PBXBuildFile; fileRef = F0E663EA29843D19001F564D /* SubCategory.swift */; };
		F0E663ED29843D82001F564D /* EditorMode.swift in Sources */ = {isa = PBXBuildFile; fileRef = F0E663EC29843D82001F564D /* EditorMode.swift */; };
		F0E663EF29843E6F001F564D /* MainTabBarController.swift in Sources */ = {isa = PBXBuildFile; fileRef = F0E663EE29843E6F001F564D /* MainTabBarController.swift */; };
		F0E663F129843F04001F564D /* HomeManager.swift in Sources */ = {isa = PBXBuildFile; fileRef = F0E663F029843F04001F564D /* HomeManager.swift */; };
		F0E663F62984473E001F564D /* SubCategoryCell.swift in Sources */ = {isa = PBXBuildFile; fileRef = F0E663F42984473E001F564D /* SubCategoryCell.swift */; };
		F0E663F72984473E001F564D /* SubCategoryCell.xib in Resources */ = {isa = PBXBuildFile; fileRef = F0E663F52984473E001F564D /* SubCategoryCell.xib */; };
		F0E663F929844D89001F564D /* FirstIntroVC.swift in Sources */ = {isa = PBXBuildFile; fileRef = F0E663F829844D89001F564D /* FirstIntroVC.swift */; };
		F0E663FB29844DA9001F564D /* FirstIntroVM.swift in Sources */ = {isa = PBXBuildFile; fileRef = F0E663FA29844DA9001F564D /* FirstIntroVM.swift */; };
/* End PBXBuildFile section */

/* Begin PBXFileReference section */
		0E50D17EC84199ACEB2493AC /* Pods-OFUTU.debug.xcconfig */ = {isa = PBXFileReference; includeInIndex = 1; lastKnownFileType = text.xcconfig; name = "Pods-OFUTU.debug.xcconfig"; path = "Target Support Files/Pods-OFUTU/Pods-OFUTU.debug.xcconfig"; sourceTree = "<group>"; };
		3F24C7D41C2EFBB8C402478E /* Pods-OFUTU.release.xcconfig */ = {isa = PBXFileReference; includeInIndex = 1; lastKnownFileType = text.xcconfig; name = "Pods-OFUTU.release.xcconfig"; path = "Target Support Files/Pods-OFUTU/Pods-OFUTU.release.xcconfig"; sourceTree = "<group>"; };
		D7D72E99E21009CE0965EFC8 /* Pods_OFUTU.framework */ = {isa = PBXFileReference; explicitFileType = wrapper.framework; includeInIndex = 0; path = Pods_OFUTU.framework; sourceTree = BUILT_PRODUCTS_DIR; };
		F00A9C992983F01D005EA650 /* OFUTU.app */ = {isa = PBXFileReference; explicitFileType = wrapper.application; includeInIndex = 0; path = OFUTU.app; sourceTree = BUILT_PRODUCTS_DIR; };
		F00A9C9C2983F01D005EA650 /* AppDelegate.swift */ = {isa = PBXFileReference; lastKnownFileType = sourcecode.swift; path = AppDelegate.swift; sourceTree = "<group>"; };
		F00A9C9E2983F01D005EA650 /* SceneDelegate.swift */ = {isa = PBXFileReference; lastKnownFileType = sourcecode.swift; path = SceneDelegate.swift; sourceTree = "<group>"; };
		F00A9CA02983F01D005EA650 /* MainVC.swift */ = {isa = PBXFileReference; lastKnownFileType = sourcecode.swift; path = MainVC.swift; sourceTree = "<group>"; };
		F00A9CA32983F01D005EA650 /* Base */ = {isa = PBXFileReference; lastKnownFileType = file.storyboard; name = Base; path = Base.lproj/Main.storyboard; sourceTree = "<group>"; };
		F00A9CA52983F01E005EA650 /* Assets.xcassets */ = {isa = PBXFileReference; lastKnownFileType = folder.assetcatalog; path = Assets.xcassets; sourceTree = "<group>"; };
		F00A9CA82983F01E005EA650 /* Base */ = {isa = PBXFileReference; lastKnownFileType = file.storyboard; name = Base; path = Base.lproj/LaunchScreen.storyboard; sourceTree = "<group>"; };
		F00A9CAA2983F01E005EA650 /* Info.plist */ = {isa = PBXFileReference; lastKnownFileType = text.plist.xml; path = Info.plist; sourceTree = "<group>"; };
		F0389F862984DC3300072E2C /* LoginVC.swift */ = {isa = PBXFileReference; lastKnownFileType = sourcecode.swift; path = LoginVC.swift; sourceTree = "<group>"; };
		F0389F8A2984E81300072E2C /* OFUTU1.mp4 */ = {isa = PBXFileReference; lastKnownFileType = file; path = OFUTU1.mp4; sourceTree = "<group>"; };
		F0576A70298460E6005133C9 /* SecondIntroVM.swift */ = {isa = PBXFileReference; lastKnownFileType = sourcecode.swift; path = SecondIntroVM.swift; sourceTree = "<group>"; };
		F0576A7229846187005133C9 /* SecondIntroVC.swift */ = {isa = PBXFileReference; lastKnownFileType = sourcecode.swift; path = SecondIntroVC.swift; sourceTree = "<group>"; };
		F0576A74298462DC005133C9 /* ThirdIntroVC.swift */ = {isa = PBXFileReference; lastKnownFileType = sourcecode.swift; path = ThirdIntroVC.swift; sourceTree = "<group>"; };
		F0576A76298462F8005133C9 /* ThirdIntroVM.swift */ = {isa = PBXFileReference; lastKnownFileType = sourcecode.swift; path = ThirdIntroVM.swift; sourceTree = "<group>"; };
		F0576A782984675D005133C9 /* WebVC.swift */ = {isa = PBXFileReference; lastKnownFileType = sourcecode.swift; path = WebVC.swift; sourceTree = "<group>"; };
		F09254B22984B08D009B095E /* OFUTU.entitlements */ = {isa = PBXFileReference; lastKnownFileType = text.plist.entitlements; path = OFUTU.entitlements; sourceTree = "<group>"; };
		F0E663C2298421A9001F564D /* Pretendard-Black.otf */ = {isa = PBXFileReference; lastKnownFileType = file; path = "Pretendard-Black.otf"; sourceTree = "<group>"; };
		F0E663C3298421A9001F564D /* Pretendard-Light.otf */ = {isa = PBXFileReference; lastKnownFileType = file; path = "Pretendard-Light.otf"; sourceTree = "<group>"; };
		F0E663C4298421A9001F564D /* Pretendard-Medium.otf */ = {isa = PBXFileReference; lastKnownFileType = file; path = "Pretendard-Medium.otf"; sourceTree = "<group>"; };
		F0E663C5298421A9001F564D /* Pretendard-Bold.otf */ = {isa = PBXFileReference; lastKnownFileType = file; path = "Pretendard-Bold.otf"; sourceTree = "<group>"; };
		F0E663C6298421A9001F564D /* Pretendard-Regular.otf */ = {isa = PBXFileReference; lastKnownFileType = file; path = "Pretendard-Regular.otf"; sourceTree = "<group>"; };
		F0E663C7298421A9001F564D /* Pretendard-SemiBold.otf */ = {isa = PBXFileReference; lastKnownFileType = file; path = "Pretendard-SemiBold.otf"; sourceTree = "<group>"; };
		F0E663C8298421A9001F564D /* Pretendard-ExtraBold.otf */ = {isa = PBXFileReference; lastKnownFileType = file; path = "Pretendard-ExtraBold.otf"; sourceTree = "<group>"; };
		F0E663C9298421A9001F564D /* Pretendard-Thin.otf */ = {isa = PBXFileReference; lastKnownFileType = file; path = "Pretendard-Thin.otf"; sourceTree = "<group>"; };
		F0E663CA298421A9001F564D /* Pretendard-ExtraLight.otf */ = {isa = PBXFileReference; lastKnownFileType = file; path = "Pretendard-ExtraLight.otf"; sourceTree = "<group>"; };
		F0E663D4298424D3001F564D /* ColorManager.swift */ = {isa = PBXFileReference; lastKnownFileType = sourcecode.swift; path = ColorManager.swift; sourceTree = "<group>"; };
		F0E663D829842940001F564D /* ImageManager.swift */ = {isa = PBXFileReference; lastKnownFileType = sourcecode.swift; path = ImageManager.swift; sourceTree = "<group>"; };
		F0E663DA29843291001F564D /* CategoryVC.swift */ = {isa = PBXFileReference; lastKnownFileType = sourcecode.swift; path = CategoryVC.swift; sourceTree = "<group>"; };
		F0E663DC298433B9001F564D /* LocalVC.swift */ = {isa = PBXFileReference; lastKnownFileType = sourcecode.swift; path = LocalVC.swift; sourceTree = "<group>"; };
		F0E663DE29843493001F564D /* MyPageVC.swift */ = {isa = PBXFileReference; lastKnownFileType = sourcecode.swift; path = MyPageVC.swift; sourceTree = "<group>"; };
		F0E663E029843867001F564D /* FontManager.swift */ = {isa = PBXFileReference; lastKnownFileType = sourcecode.swift; path = FontManager.swift; sourceTree = "<group>"; };
		F0E663E22984391E001F564D /* WebViewManager.swift */ = {isa = PBXFileReference; lastKnownFileType = sourcecode.swift; path = WebViewManager.swift; sourceTree = "<group>"; };
		F0E663E429843B0B001F564D /* NetworkManager.swift */ = {isa = PBXFileReference; lastKnownFileType = sourcecode.swift; path = NetworkManager.swift; sourceTree = "<group>"; };
		F0E663E629843B4A001F564D /* User.swift */ = {isa = PBXFileReference; lastKnownFileType = sourcecode.swift; path = User.swift; sourceTree = "<group>"; };
		F0E663E829843C98001F564D /* MainCategory.swift */ = {isa = PBXFileReference; lastKnownFileType = sourcecode.swift; path = MainCategory.swift; sourceTree = "<group>"; };
		F0E663EA29843D19001F564D /* SubCategory.swift */ = {isa = PBXFileReference; lastKnownFileType = sourcecode.swift; path = SubCategory.swift; sourceTree = "<group>"; };
		F0E663EC29843D82001F564D /* EditorMode.swift */ = {isa = PBXFileReference; lastKnownFileType = sourcecode.swift; path = EditorMode.swift; sourceTree = "<group>"; };
		F0E663EE29843E6F001F564D /* MainTabBarController.swift */ = {isa = PBXFileReference; lastKnownFileType = sourcecode.swift; path = MainTabBarController.swift; sourceTree = "<group>"; };
		F0E663F029843F04001F564D /* HomeManager.swift */ = {isa = PBXFileReference; lastKnownFileType = sourcecode.swift; path = HomeManager.swift; sourceTree = "<group>"; };
		F0E663F42984473E001F564D /* SubCategoryCell.swift */ = {isa = PBXFileReference; lastKnownFileType = sourcecode.swift; path = SubCategoryCell.swift; sourceTree = "<group>"; };
		F0E663F52984473E001F564D /* SubCategoryCell.xib */ = {isa = PBXFileReference; lastKnownFileType = file.xib; path = SubCategoryCell.xib; sourceTree = "<group>"; };
		F0E663F829844D89001F564D /* FirstIntroVC.swift */ = {isa = PBXFileReference; lastKnownFileType = sourcecode.swift; path = FirstIntroVC.swift; sourceTree = "<group>"; };
		F0E663FA29844DA9001F564D /* FirstIntroVM.swift */ = {isa = PBXFileReference; lastKnownFileType = sourcecode.swift; path = FirstIntroVM.swift; sourceTree = "<group>"; };
/* End PBXFileReference section */

/* Begin PBXFrameworksBuildPhase section */
		F00A9C962983F01D005EA650 /* Frameworks */ = {
			isa = PBXFrameworksBuildPhase;
			buildActionMask = 2147483647;
			files = (
				30EC3275F6E275679A2B223F /* Pods_OFUTU.framework in Frameworks */,
			);
			runOnlyForDeploymentPostprocessing = 0;
		};
/* End PBXFrameworksBuildPhase section */

/* Begin PBXGroup section */
		63810BD3FA78B08975138A5B /* Frameworks */ = {
			isa = PBXGroup;
			children = (
				D7D72E99E21009CE0965EFC8 /* Pods_OFUTU.framework */,
			);
			name = Frameworks;
			sourceTree = "<group>";
		};
		9420A1F112C8D3AED4A94965 /* Pods */ = {
			isa = PBXGroup;
			children = (
				0E50D17EC84199ACEB2493AC /* Pods-OFUTU.debug.xcconfig */,
				3F24C7D41C2EFBB8C402478E /* Pods-OFUTU.release.xcconfig */,
			);
			path = Pods;
			sourceTree = "<group>";
		};
		F00A9C902983F01D005EA650 = {
			isa = PBXGroup;
			children = (
				F00A9C9B2983F01D005EA650 /* OFUTU */,
				F00A9C9A2983F01D005EA650 /* Products */,
				9420A1F112C8D3AED4A94965 /* Pods */,
				63810BD3FA78B08975138A5B /* Frameworks */,
			);
			sourceTree = "<group>";
		};
		F00A9C9A2983F01D005EA650 /* Products */ = {
			isa = PBXGroup;
			children = (
				F00A9C992983F01D005EA650 /* OFUTU.app */,
			);
			name = Products;
			sourceTree = "<group>";
		};
		F00A9C9B2983F01D005EA650 /* OFUTU */ = {
			isa = PBXGroup;
			children = (
				F09254B22984B08D009B095E /* OFUTU.entitlements */,
				F00A9C9C2983F01D005EA650 /* AppDelegate.swift */,
				F00A9C9E2983F01D005EA650 /* SceneDelegate.swift */,
				F0E663C029841F7E001F564D /* Models */,
				F0E663BF29841F7C001F564D /* ViewModels */,
				F0E663BE29841F75001F564D /* Views */,
				F0E663BD29841F66001F564D /* ViewControllers */,
				F0E663BC29841F64001F564D /* Cells */,
				F0E663BB29841F62001F564D /* Managers */,
				F0E663BA29841F60001F564D /* Fonts */,
				F0E663B929841F5C001F564D /* Enums */,
				F00A9CA52983F01E005EA650 /* Assets.xcassets */,
				F00A9CAA2983F01E005EA650 /* Info.plist */,
				F0389F8A2984E81300072E2C /* OFUTU1.mp4 */,
			);
			path = OFUTU;
			sourceTree = "<group>";
		};
		F0E663B929841F5C001F564D /* Enums */ = {
			isa = PBXGroup;
			children = (
				F0E663E829843C98001F564D /* MainCategory.swift */,
				F0E663EA29843D19001F564D /* SubCategory.swift */,
				F0E663EC29843D82001F564D /* EditorMode.swift */,
			);
			path = Enums;
			sourceTree = "<group>";
		};
		F0E663BA29841F60001F564D /* Fonts */ = {
			isa = PBXGroup;
			children = (
				F0E663C2298421A9001F564D /* Pretendard-Black.otf */,
				F0E663C5298421A9001F564D /* Pretendard-Bold.otf */,
				F0E663C8298421A9001F564D /* Pretendard-ExtraBold.otf */,
				F0E663CA298421A9001F564D /* Pretendard-ExtraLight.otf */,
				F0E663C3298421A9001F564D /* Pretendard-Light.otf */,
				F0E663C4298421A9001F564D /* Pretendard-Medium.otf */,
				F0E663C6298421A9001F564D /* Pretendard-Regular.otf */,
				F0E663C7298421A9001F564D /* Pretendard-SemiBold.otf */,
				F0E663C9298421A9001F564D /* Pretendard-Thin.otf */,
			);
			path = Fonts;
			sourceTree = "<group>";
		};
		F0E663BB29841F62001F564D /* Managers */ = {
			isa = PBXGroup;
			children = (
				F0E663D4298424D3001F564D /* ColorManager.swift */,
				F0E663D829842940001F564D /* ImageManager.swift */,
				F0E663E029843867001F564D /* FontManager.swift */,
				F0E663E22984391E001F564D /* WebViewManager.swift */,
				F0E663E429843B0B001F564D /* NetworkManager.swift */,
				F0E663F029843F04001F564D /* HomeManager.swift */,
			);
			path = Managers;
			sourceTree = "<group>";
		};
		F0E663BC29841F64001F564D /* Cells */ = {
			isa = PBXGroup;
			children = (
				F0E663F42984473E001F564D /* SubCategoryCell.swift */,
				F0E663F52984473E001F564D /* SubCategoryCell.xib */,
			);
			path = Cells;
			sourceTree = "<group>";
		};
		F0E663BD29841F66001F564D /* ViewControllers */ = {
			isa = PBXGroup;
			children = (
				F00A9CA02983F01D005EA650 /* MainVC.swift */,
				F0E663DA29843291001F564D /* CategoryVC.swift */,
				F0E663DC298433B9001F564D /* LocalVC.swift */,
				F0E663DE29843493001F564D /* MyPageVC.swift */,
				F0E663EE29843E6F001F564D /* MainTabBarController.swift */,
				F0E663F829844D89001F564D /* FirstIntroVC.swift */,
				F0576A7229846187005133C9 /* SecondIntroVC.swift */,
				F0576A74298462DC005133C9 /* ThirdIntroVC.swift */,
				F0576A782984675D005133C9 /* WebVC.swift */,
				F0389F862984DC3300072E2C /* LoginVC.swift */,
			);
			path = ViewControllers;
			sourceTree = "<group>";
		};
		F0E663BE29841F75001F564D /* Views */ = {
			isa = PBXGroup;
			children = (
				F00A9CA22983F01D005EA650 /* Main.storyboard */,
				F00A9CA72983F01E005EA650 /* LaunchScreen.storyboard */,
			);
			path = Views;
			sourceTree = "<group>";
		};
		F0E663BF29841F7C001F564D /* ViewModels */ = {
			isa = PBXGroup;
			children = (
				F0E663FA29844DA9001F564D /* FirstIntroVM.swift */,
				F0576A70298460E6005133C9 /* SecondIntroVM.swift */,
				F0576A76298462F8005133C9 /* ThirdIntroVM.swift */,
			);
			path = ViewModels;
			sourceTree = "<group>";
		};
		F0E663C029841F7E001F564D /* Models */ = {
			isa = PBXGroup;
			children = (
				F0E663E629843B4A001F564D /* User.swift */,
			);
			path = Models;
			sourceTree = "<group>";
		};
/* End PBXGroup section */

/* Begin PBXNativeTarget section */
		F00A9C982983F01D005EA650 /* OFUTU */ = {
			isa = PBXNativeTarget;
			buildConfigurationList = F00A9CAD2983F01E005EA650 /* Build configuration list for PBXNativeTarget "OFUTU" */;
			buildPhases = (
				D45F7558A4AB22305E2B2080 /* [CP] Check Pods Manifest.lock */,
				F00A9C952983F01D005EA650 /* Sources */,
				F00A9C962983F01D005EA650 /* Frameworks */,
				F00A9C972983F01D005EA650 /* Resources */,
				2017DCDF82526678D24C4CD0 /* [CP] Embed Pods Frameworks */,
			);
			buildRules = (
			);
			dependencies = (
			);
			name = OFUTU;
			productName = OFUTU;
			productReference = F00A9C992983F01D005EA650 /* OFUTU.app */;
			productType = "com.apple.product-type.application";
		};
/* End PBXNativeTarget section */

/* Begin PBXProject section */
		F00A9C912983F01D005EA650 /* Project object */ = {
			isa = PBXProject;
			attributes = {
				BuildIndependentTargetsInParallel = 1;
				LastSwiftUpdateCheck = 1420;
				LastUpgradeCheck = 1420;
				TargetAttributes = {
					F00A9C982983F01D005EA650 = {
						CreatedOnToolsVersion = 14.2;
					};
				};
			};
			buildConfigurationList = F00A9C942983F01D005EA650 /* Build configuration list for PBXProject "OFUTU" */;
			compatibilityVersion = "Xcode 13.0";
			developmentRegion = en;
			hasScannedForEncodings = 0;
			knownRegions = (
				en,
				Base,
			);
			mainGroup = F00A9C902983F01D005EA650;
			productRefGroup = F00A9C9A2983F01D005EA650 /* Products */;
			projectDirPath = "";
			projectRoot = "";
			targets = (
				F00A9C982983F01D005EA650 /* OFUTU */,
			);
		};
/* End PBXProject section */

/* Begin PBXResourcesBuildPhase section */
		F00A9C972983F01D005EA650 /* Resources */ = {
			isa = PBXResourcesBuildPhase;
			buildActionMask = 2147483647;
			files = (
				F00A9CA92983F01E005EA650 /* LaunchScreen.storyboard in Resources */,
				F00A9CA62983F01E005EA650 /* Assets.xcassets in Resources */,
				F0E663F72984473E001F564D /* SubCategoryCell.xib in Resources */,
				F0E663D1298421AA001F564D /* Pretendard-ExtraBold.otf in Resources */,
				F0E663CE298421AA001F564D /* Pretendard-Bold.otf in Resources */,
				F0E663CB298421AA001F564D /* Pretendard-Black.otf in Resources */,
				F0E663CC298421AA001F564D /* Pretendard-Light.otf in Resources */,
				F0E663D3298421AA001F564D /* Pretendard-ExtraLight.otf in Resources */,
				F0E663CF298421AA001F564D /* Pretendard-Regular.otf in Resources */,
				F0E663D0298421AA001F564D /* Pretendard-SemiBold.otf in Resources */,
				F00A9CA42983F01D005EA650 /* Main.storyboard in Resources */,
				F0389F8B2984E81300072E2C /* OFUTU1.mp4 in Resources */,
				F0E663D2298421AA001F564D /* Pretendard-Thin.otf in Resources */,
				F0E663CD298421AA001F564D /* Pretendard-Medium.otf in Resources */,
			);
			runOnlyForDeploymentPostprocessing = 0;
		};
/* End PBXResourcesBuildPhase section */

/* Begin PBXShellScriptBuildPhase section */
		2017DCDF82526678D24C4CD0 /* [CP] Embed Pods Frameworks */ = {
			isa = PBXShellScriptBuildPhase;
			buildActionMask = 2147483647;
			files = (
			);
			inputFileListPaths = (
				"${PODS_ROOT}/Target Support Files/Pods-OFUTU/Pods-OFUTU-frameworks-${CONFIGURATION}-input-files.xcfilelist",
			);
			name = "[CP] Embed Pods Frameworks";
			outputFileListPaths = (
				"${PODS_ROOT}/Target Support Files/Pods-OFUTU/Pods-OFUTU-frameworks-${CONFIGURATION}-output-files.xcfilelist",
			);
			runOnlyForDeploymentPostprocessing = 0;
			shellPath = /bin/sh;
			shellScript = "\"${PODS_ROOT}/Target Support Files/Pods-OFUTU/Pods-OFUTU-frameworks.sh\"\n";
			showEnvVarsInLog = 0;
		};
		D45F7558A4AB22305E2B2080 /* [CP] Check Pods Manifest.lock */ = {
			isa = PBXShellScriptBuildPhase;
			buildActionMask = 2147483647;
			files = (
			);
			inputFileListPaths = (
			);
			inputPaths = (
				"${PODS_PODFILE_DIR_PATH}/Podfile.lock",
				"${PODS_ROOT}/Manifest.lock",
			);
			name = "[CP] Check Pods Manifest.lock";
			outputFileListPaths = (
			);
			outputPaths = (
				"$(DERIVED_FILE_DIR)/Pods-OFUTU-checkManifestLockResult.txt",
			);
			runOnlyForDeploymentPostprocessing = 0;
			shellPath = /bin/sh;
			shellScript = "diff \"${PODS_PODFILE_DIR_PATH}/Podfile.lock\" \"${PODS_ROOT}/Manifest.lock\" > /dev/null\nif [ $? != 0 ] ; then\n    # print error to STDERR\n    echo \"error: The sandbox is not in sync with the Podfile.lock. Run 'pod install' or update your CocoaPods installation.\" >&2\n    exit 1\nfi\n# This output is used by Xcode 'outputs' to avoid re-running this script phase.\necho \"SUCCESS\" > \"${SCRIPT_OUTPUT_FILE_0}\"\n";
			showEnvVarsInLog = 0;
		};
/* End PBXShellScriptBuildPhase section */

/* Begin PBXSourcesBuildPhase section */
		F00A9C952983F01D005EA650 /* Sources */ = {
			isa = PBXSourcesBuildPhase;
			buildActionMask = 2147483647;
			files = (
				F0E663F62984473E001F564D /* SubCategoryCell.swift in Sources */,
				F0E663EB29843D19001F564D /* SubCategory.swift in Sources */,
				F0E663DD298433B9001F564D /* LocalVC.swift in Sources */,
				F0E663DB29843291001F564D /* CategoryVC.swift in Sources */,
				F0E663F129843F04001F564D /* HomeManager.swift in Sources */,
				F0576A7329846187005133C9 /* SecondIntroVC.swift in Sources */,
				F00A9CA12983F01D005EA650 /* MainVC.swift in Sources */,
				F0576A792984675D005133C9 /* WebVC.swift in Sources */,
				F0E663D929842940001F564D /* ImageManager.swift in Sources */,
				F0576A71298460E6005133C9 /* SecondIntroVM.swift in Sources */,
				F0E663E929843C98001F564D /* MainCategory.swift in Sources */,
				F0E663E529843B0B001F564D /* NetworkManager.swift in Sources */,
				F0E663E129843867001F564D /* FontManager.swift in Sources */,
				F0E663F929844D89001F564D /* FirstIntroVC.swift in Sources */,
				F0576A75298462DC005133C9 /* ThirdIntroVC.swift in Sources */,
				F00A9C9D2983F01D005EA650 /* AppDelegate.swift in Sources */,
				F0E663FB29844DA9001F564D /* FirstIntroVM.swift in Sources */,
				F0E663DF29843493001F564D /* MyPageVC.swift in Sources */,
				F0E663EF29843E6F001F564D /* MainTabBarController.swift in Sources */,
				F0E663E729843B4A001F564D /* User.swift in Sources */,
				F0576A77298462F8005133C9 /* ThirdIntroVM.swift in Sources */,
				F0E663ED29843D82001F564D /* EditorMode.swift in Sources */,
				F0389F872984DC3300072E2C /* LoginVC.swift in Sources */,
				F00A9C9F2983F01D005EA650 /* SceneDelegate.swift in Sources */,
				F0E663D5298424D3001F564D /* ColorManager.swift in Sources */,
				F0E663E32984391E001F564D /* WebViewManager.swift in Sources */,
			);
			runOnlyForDeploymentPostprocessing = 0;
		};
/* End PBXSourcesBuildPhase section */

/* Begin PBXVariantGroup section */
		F00A9CA22983F01D005EA650 /* Main.storyboard */ = {
			isa = PBXVariantGroup;
			children = (
				F00A9CA32983F01D005EA650 /* Base */,
			);
			name = Main.storyboard;
			sourceTree = "<group>";
		};
		F00A9CA72983F01E005EA650 /* LaunchScreen.storyboard */ = {
			isa = PBXVariantGroup;
			children = (
				F00A9CA82983F01E005EA650 /* Base */,
			);
			name = LaunchScreen.storyboard;
			sourceTree = "<group>";
		};
/* End PBXVariantGroup section */

/* Begin XCBuildConfiguration section */
		F00A9CAB2983F01E005EA650 /* Debug */ = {
			isa = XCBuildConfiguration;
			buildSettings = {
				ALWAYS_SEARCH_USER_PATHS = NO;
				CLANG_ANALYZER_NONNULL = YES;
				CLANG_ANALYZER_NUMBER_OBJECT_CONVERSION = YES_AGGRESSIVE;
				CLANG_CXX_LANGUAGE_STANDARD = "gnu++20";
				CLANG_ENABLE_MODULES = YES;
				CLANG_ENABLE_OBJC_ARC = YES;
				CLANG_ENABLE_OBJC_WEAK = YES;
				CLANG_WARN_BLOCK_CAPTURE_AUTORELEASING = YES;
				CLANG_WARN_BOOL_CONVERSION = YES;
				CLANG_WARN_COMMA = YES;
				CLANG_WARN_CONSTANT_CONVERSION = YES;
				CLANG_WARN_DEPRECATED_OBJC_IMPLEMENTATIONS = YES;
				CLANG_WARN_DIRECT_OBJC_ISA_USAGE = YES_ERROR;
				CLANG_WARN_DOCUMENTATION_COMMENTS = YES;
				CLANG_WARN_EMPTY_BODY = YES;
				CLANG_WARN_ENUM_CONVERSION = YES;
				CLANG_WARN_INFINITE_RECURSION = YES;
				CLANG_WARN_INT_CONVERSION = YES;
				CLANG_WARN_NON_LITERAL_NULL_CONVERSION = YES;
				CLANG_WARN_OBJC_IMPLICIT_RETAIN_SELF = YES;
				CLANG_WARN_OBJC_LITERAL_CONVERSION = YES;
				CLANG_WARN_OBJC_ROOT_CLASS = YES_ERROR;
				CLANG_WARN_QUOTED_INCLUDE_IN_FRAMEWORK_HEADER = YES;
				CLANG_WARN_RANGE_LOOP_ANALYSIS = YES;
				CLANG_WARN_STRICT_PROTOTYPES = YES;
				CLANG_WARN_SUSPICIOUS_MOVE = YES;
				CLANG_WARN_UNGUARDED_AVAILABILITY = YES_AGGRESSIVE;
				CLANG_WARN_UNREACHABLE_CODE = YES;
				CLANG_WARN__DUPLICATE_METHOD_MATCH = YES;
				COPY_PHASE_STRIP = NO;
				DEBUG_INFORMATION_FORMAT = dwarf;
				ENABLE_STRICT_OBJC_MSGSEND = YES;
				ENABLE_TESTABILITY = YES;
				GCC_C_LANGUAGE_STANDARD = gnu11;
				GCC_DYNAMIC_NO_PIC = NO;
				GCC_NO_COMMON_BLOCKS = YES;
				GCC_OPTIMIZATION_LEVEL = 0;
				GCC_PREPROCESSOR_DEFINITIONS = (
					"DEBUG=1",
					"$(inherited)",
				);
				GCC_WARN_64_TO_32_BIT_CONVERSION = YES;
				GCC_WARN_ABOUT_RETURN_TYPE = YES_ERROR;
				GCC_WARN_UNDECLARED_SELECTOR = YES;
				GCC_WARN_UNINITIALIZED_AUTOS = YES_AGGRESSIVE;
				GCC_WARN_UNUSED_FUNCTION = YES;
				GCC_WARN_UNUSED_VARIABLE = YES;
				IPHONEOS_DEPLOYMENT_TARGET = 16.2;
				MTL_ENABLE_DEBUG_INFO = INCLUDE_SOURCE;
				MTL_FAST_MATH = YES;
				ONLY_ACTIVE_ARCH = YES;
				SDKROOT = iphoneos;
				SWIFT_ACTIVE_COMPILATION_CONDITIONS = DEBUG;
				SWIFT_OPTIMIZATION_LEVEL = "-Onone";
			};
			name = Debug;
		};
		F00A9CAC2983F01E005EA650 /* Release */ = {
			isa = XCBuildConfiguration;
			buildSettings = {
				ALWAYS_SEARCH_USER_PATHS = NO;
				CLANG_ANALYZER_NONNULL = YES;
				CLANG_ANALYZER_NUMBER_OBJECT_CONVERSION = YES_AGGRESSIVE;
				CLANG_CXX_LANGUAGE_STANDARD = "gnu++20";
				CLANG_ENABLE_MODULES = YES;
				CLANG_ENABLE_OBJC_ARC = YES;
				CLANG_ENABLE_OBJC_WEAK = YES;
				CLANG_WARN_BLOCK_CAPTURE_AUTORELEASING = YES;
				CLANG_WARN_BOOL_CONVERSION = YES;
				CLANG_WARN_COMMA = YES;
				CLANG_WARN_CONSTANT_CONVERSION = YES;
				CLANG_WARN_DEPRECATED_OBJC_IMPLEMENTATIONS = YES;
				CLANG_WARN_DIRECT_OBJC_ISA_USAGE = YES_ERROR;
				CLANG_WARN_DOCUMENTATION_COMMENTS = YES;
				CLANG_WARN_EMPTY_BODY = YES;
				CLANG_WARN_ENUM_CONVERSION = YES;
				CLANG_WARN_INFINITE_RECURSION = YES;
				CLANG_WARN_INT_CONVERSION = YES;
				CLANG_WARN_NON_LITERAL_NULL_CONVERSION = YES;
				CLANG_WARN_OBJC_IMPLICIT_RETAIN_SELF = YES;
				CLANG_WARN_OBJC_LITERAL_CONVERSION = YES;
				CLANG_WARN_OBJC_ROOT_CLASS = YES_ERROR;
				CLANG_WARN_QUOTED_INCLUDE_IN_FRAMEWORK_HEADER = YES;
				CLANG_WARN_RANGE_LOOP_ANALYSIS = YES;
				CLANG_WARN_STRICT_PROTOTYPES = YES;
				CLANG_WARN_SUSPICIOUS_MOVE = YES;
				CLANG_WARN_UNGUARDED_AVAILABILITY = YES_AGGRESSIVE;
				CLANG_WARN_UNREACHABLE_CODE = YES;
				CLANG_WARN__DUPLICATE_METHOD_MATCH = YES;
				COPY_PHASE_STRIP = NO;
				DEBUG_INFORMATION_FORMAT = "dwarf-with-dsym";
				ENABLE_NS_ASSERTIONS = NO;
				ENABLE_STRICT_OBJC_MSGSEND = YES;
				GCC_C_LANGUAGE_STANDARD = gnu11;
				GCC_NO_COMMON_BLOCKS = YES;
				GCC_WARN_64_TO_32_BIT_CONVERSION = YES;
				GCC_WARN_ABOUT_RETURN_TYPE = YES_ERROR;
				GCC_WARN_UNDECLARED_SELECTOR = YES;
				GCC_WARN_UNINITIALIZED_AUTOS = YES_AGGRESSIVE;
				GCC_WARN_UNUSED_FUNCTION = YES;
				GCC_WARN_UNUSED_VARIABLE = YES;
				IPHONEOS_DEPLOYMENT_TARGET = 16.2;
				MTL_ENABLE_DEBUG_INFO = NO;
				MTL_FAST_MATH = YES;
				SDKROOT = iphoneos;
				SWIFT_COMPILATION_MODE = wholemodule;
				SWIFT_OPTIMIZATION_LEVEL = "-O";
				VALIDATE_PRODUCT = YES;
			};
			name = Release;
		};
		F00A9CAE2983F01E005EA650 /* Debug */ = {
			isa = XCBuildConfiguration;
			baseConfigurationReference = 0E50D17EC84199ACEB2493AC /* Pods-OFUTU.debug.xcconfig */;
			buildSettings = {
				ASSETCATALOG_COMPILER_APPICON_NAME = AppIcon;
				ASSETCATALOG_COMPILER_GLOBAL_ACCENT_COLOR_NAME = AccentColor;
				CODE_SIGN_ENTITLEMENTS = OFUTU/OFUTU.entitlements;
				CODE_SIGN_STYLE = Automatic;
				CURRENT_PROJECT_VERSION = 1;
				DEVELOPMENT_TEAM = ZDUPRML6B6;
				GENERATE_INFOPLIST_FILE = YES;
				INFOPLIST_FILE = OFUTU/Info.plist;
				INFOPLIST_KEY_UIApplicationSupportsIndirectInputEvents = YES;
				INFOPLIST_KEY_UILaunchStoryboardName = LaunchScreen;
				INFOPLIST_KEY_UIMainStoryboardFile = Main;
				INFOPLIST_KEY_UIStatusBarStyle = UIStatusBarStyleDarkContent;
				INFOPLIST_KEY_UISupportedInterfaceOrientations_iPad = "UIInterfaceOrientationPortrait UIInterfaceOrientationPortraitUpsideDown UIInterfaceOrientationLandscapeLeft UIInterfaceOrientationLandscapeRight";
				INFOPLIST_KEY_UISupportedInterfaceOrientations_iPhone = "UIInterfaceOrientationPortrait UIInterfaceOrientationLandscapeLeft UIInterfaceOrientationLandscapeRight";
				IPHONEOS_DEPLOYMENT_TARGET = 14.0;
				LD_RUNPATH_SEARCH_PATHS = (
					"$(inherited)",
					"@executable_path/Frameworks",
				);
				MARKETING_VERSION = 1.0;
				PRODUCT_BUNDLE_IDENTIFIER = kr.surfyagers.OFUTU;
				PRODUCT_NAME = "$(TARGET_NAME)";
				SUPPORTED_PLATFORMS = "iphoneos iphonesimulator";
				SUPPORTS_MACCATALYST = NO;
				SUPPORTS_MAC_DESIGNED_FOR_IPHONE_IPAD = YES;
				SWIFT_EMIT_LOC_STRINGS = YES;
				SWIFT_VERSION = 5.0;
				TARGETED_DEVICE_FAMILY = 1;
			};
			name = Debug;
		};
		F00A9CAF2983F01E005EA650 /* Release */ = {
			isa = XCBuildConfiguration;
			baseConfigurationReference = 3F24C7D41C2EFBB8C402478E /* Pods-OFUTU.release.xcconfig */;
			buildSettings = {
				ASSETCATALOG_COMPILER_APPICON_NAME = AppIcon;
				ASSETCATALOG_COMPILER_GLOBAL_ACCENT_COLOR_NAME = AccentColor;
				CODE_SIGN_ENTITLEMENTS = OFUTU/OFUTU.entitlements;
				CODE_SIGN_STYLE = Automatic;
				CURRENT_PROJECT_VERSION = 1;
				DEVELOPMENT_TEAM = ZDUPRML6B6;
				GENERATE_INFOPLIST_FILE = YES;
				INFOPLIST_FILE = OFUTU/Info.plist;
				INFOPLIST_KEY_UIApplicationSupportsIndirectInputEvents = YES;
				INFOPLIST_KEY_UILaunchStoryboardName = LaunchScreen;
				INFOPLIST_KEY_UIMainStoryboardFile = Main;
				INFOPLIST_KEY_UIStatusBarStyle = UIStatusBarStyleDarkContent;
				INFOPLIST_KEY_UISupportedInterfaceOrientations_iPad = "UIInterfaceOrientationPortrait UIInterfaceOrientationPortraitUpsideDown UIInterfaceOrientationLandscapeLeft UIInterfaceOrientationLandscapeRight";
				INFOPLIST_KEY_UISupportedInterfaceOrientations_iPhone = "UIInterfaceOrientationPortrait UIInterfaceOrientationLandscapeLeft UIInterfaceOrientationLandscapeRight";
				IPHONEOS_DEPLOYMENT_TARGET = 14.0;
				LD_RUNPATH_SEARCH_PATHS = (
					"$(inherited)",
					"@executable_path/Frameworks",
				);
				MARKETING_VERSION = 1.0;
				PRODUCT_BUNDLE_IDENTIFIER = kr.surfyagers.OFUTU;
				PRODUCT_NAME = "$(TARGET_NAME)";
				SUPPORTED_PLATFORMS = "iphoneos iphonesimulator";
				SUPPORTS_MACCATALYST = NO;
				SUPPORTS_MAC_DESIGNED_FOR_IPHONE_IPAD = YES;
				SWIFT_EMIT_LOC_STRINGS = YES;
				SWIFT_VERSION = 5.0;
				TARGETED_DEVICE_FAMILY = 1;
			};
			name = Release;
		};
/* End XCBuildConfiguration section */

/* Begin XCConfigurationList section */
		F00A9C942983F01D005EA650 /* Build configuration list for PBXProject "OFUTU" */ = {
			isa = XCConfigurationList;
			buildConfigurations = (
				F00A9CAB2983F01E005EA650 /* Debug */,
				F00A9CAC2983F01E005EA650 /* Release */,
			);
			defaultConfigurationIsVisible = 0;
			defaultConfigurationName = Release;
		};
		F00A9CAD2983F01E005EA650 /* Build configuration list for PBXNativeTarget "OFUTU" */ = {
			isa = XCConfigurationList;
			buildConfigurations = (
				F00A9CAE2983F01E005EA650 /* Debug */,
				F00A9CAF2983F01E005EA650 /* Release */,
			);
			defaultConfigurationIsVisible = 0;
			defaultConfigurationName = Release;
		};
/* End XCConfigurationList section */
	};
	rootObject = F00A9C912983F01D005EA650 /* Project object */;
}
